
Microsoft Visual Studio Solution File, Format Version 12.00
# Visual Studio Version 16
VisualStudioVersion = 16.0.31911.196
MinimumVisualStudioVersion = 10.0.40219.1
Project("{9A19103F-16F7-4668-BE54-9A1E7A4F7556}") = "SlidingWindowsForStrings", "SlidingWindowsForStrings\SlidingWindowsForStrings.csproj", "{8D2CACE0-1D78-456C-8CA5-A865029B011E}"
EndProject
Project("{2150E333-8FDC-42A3-9474-1A3956D46DE8}") = "Tests", "Tests", "{6693B00B-F9C0-4886-AAB2-F62E1E2F4182}"
EndProject
Project("{9A19103F-16F7-4668-BE54-9A1E7A4F7556}") = "SlidingWindowsForStringsTest", "Tests\SlidingWindowsForStringsTest\SlidingWindowsForStringsTest.csproj", "{EE6BAEA1-04D6-4825-B5C7-8F35C5597156}"
EndProject
Project("{9A19103F-16F7-4668-BE54-9A1E7A4F7556}") = "MiscCodingProblems", "MiscCodingProblems\MiscCodingProblems.csproj", "{32701A75-8457-4DCC-B90C-CBCAF3DEE2D5}"
EndProject
Project("{FAE04EC0-301F-11D3-BF4B-00C04F79EFBC}") = "MiscCodingProblemsTest", "MiscCodingProblemsTest\MiscCodingProblemsTest.csproj", "{F1F9AF37-8851-4902-8B7E-31F56DD63EB4}"
EndProject
Global
	GlobalSection(SolutionConfigurationPlatforms) = preSolution
		Debug|Any CPU = Debug|Any CPU
		Release|Any CPU = Release|Any CPU
	EndGlobalSection
	GlobalSection(ProjectConfigurationPlatforms) = postSolution
		{8D2CACE0-1D78-456C-8CA5-A865029B011E}.Debug|Any CPU.ActiveCfg = Debug|Any CPU
		{8D2CACE0-1D78-456C-8CA5-A865029B011E}.Debug|Any CPU.Build.0 = Debug|Any CPU
		{8D2CACE0-1D78-456C-8CA5-A865029B011E}.Release|Any CPU.ActiveCfg = Release|Any CPU
		{8D2CACE0-1D78-456C-8CA5-A865029B011E}.Release|Any CPU.Build.0 = Release|Any CPU
		{EE6BAEA1-04D6-4825-B5C7-8F35C5597156}.Debug|Any CPU.ActiveCfg = Debug|Any CPU
		{EE6BAEA1-04D6-4825-B5C7-8F35C5597156}.Debug|Any CPU.Build.0 = Debug|Any CPU
		{EE6BAEA1-04D6-4825-B5C7-8F35C5597156}.Release|Any CPU.ActiveCfg = Release|Any CPU
		{EE6BAEA1-04D6-4825-B5C7-8F35C5597156}.Release|Any CPU.Build.0 = Release|Any CPU
		{32701A75-8457-4DCC-B90C-CBCAF3DEE2D5}.Debug|Any CPU.ActiveCfg = Debug|Any CPU
		{32701A75-8457-4DCC-B90C-CBCAF3DEE2D5}.Debug|Any CPU.Build.0 = Debug|Any CPU
		{32701A75-8457-4DCC-B90C-CBCAF3DEE2D5}.Release|Any CPU.ActiveCfg = Release|Any CPU
		{32701A75-8457-4DCC-B90C-CBCAF3DEE2D5}.Release|Any CPU.Build.0 = Release|Any CPU
		{F1F9AF37-8851-4902-8B7E-31F56DD63EB4}.Debug|Any CPU.ActiveCfg = Debug|Any CPU
		{F1F9AF37-8851-4902-8B7E-31F56DD63EB4}.Debug|Any CPU.Build.0 = Debug|Any CPU
		{F1F9AF37-8851-4902-8B7E-31F56DD63EB4}.Release|Any CPU.ActiveCfg = Release|Any CPU
		{F1F9AF37-8851-4902-8B7E-31F56DD63EB4}.Release|Any CPU.Build.0 = Release|Any CPU
	EndGlobalSection
	GlobalSection(SolutionProperties) = preSolution
		HideSolutionNode = FALSE
	EndGlobalSection
	GlobalSection(NestedProjects) = preSolution
		{EE6BAEA1-04D6-4825-B5C7-8F35C5597156} = {6693B00B-F9C0-4886-AAB2-F62E1E2F4182}
		{F1F9AF37-8851-4902-8B7E-31F56DD63EB4} = {6693B00B-F9C0-4886-AAB2-F62E1E2F4182}
	EndGlobalSection
	GlobalSection(ExtensibilityGlobals) = postSolution
		SolutionGuid = {0C56ADA1-FB1B-43CD-B545-F684B9F7528F}
	EndGlobalSection
EndGlobal
